
Microsoft Visual Studio Solution File, Format Version 12.00
# Visual Studio Version 17
VisualStudioVersion = 17.4.33403.182
MinimumVisualStudioVersion = 10.0.40219.1
Project("{FAE04EC0-301F-11D3-BF4B-00C04F79EFBC}") = "testApplication", "testApplication\testApplication.csproj", "{9127FB06-20C6-4FCA-AD1C-EF5CC336F90E}"
EndProject
Project("{FAE04EC0-301F-11D3-BF4B-00C04F79EFBC}") = "testAPI", "testAPI\testAPI.csproj", "{7C3C44BC-2E0E-423E-AF18-82448382F8F6}"
EndProject
Global
	GlobalSection(SolutionConfigurationPlatforms) = preSolution
		Debug|Any CPU = Debug|Any CPU
		Release|Any CPU = Release|Any CPU
	EndGlobalSection
	GlobalSection(ProjectConfigurationPlatforms) = postSolution
		{9127FB06-20C6-4FCA-AD1C-EF5CC336F90E}.Debug|Any CPU.ActiveCfg = Debug|Any CPU
		{9127FB06-20C6-4FCA-AD1C-EF5CC336F90E}.Debug|Any CPU.Build.0 = Debug|Any CPU
		{9127FB06-20C6-4FCA-AD1C-EF5CC336F90E}.Release|Any CPU.ActiveCfg = Release|Any CPU
		{9127FB06-20C6-4FCA-AD1C-EF5CC336F90E}.Release|Any CPU.Build.0 = Release|Any CPU
		{7C3C44BC-2E0E-423E-AF18-82448382F8F6}.Debug|Any CPU.ActiveCfg = Debug|Any CPU
		{7C3C44BC-2E0E-423E-AF18-82448382F8F6}.Debug|Any CPU.Build.0 = Debug|Any CPU
		{7C3C44BC-2E0E-423E-AF18-82448382F8F6}.Release|Any CPU.ActiveCfg = Release|Any CPU
		{7C3C44BC-2E0E-423E-AF18-82448382F8F6}.Release|Any CPU.Build.0 = Release|Any CPU
	EndGlobalSection
	GlobalSection(SolutionProperties) = preSolution
		HideSolutionNode = FALSE
	EndGlobalSection
	GlobalSection(ExtensibilityGlobals) = postSolution
		SolutionGuid = {4A5B678F-4E70-410E-8BBB-4695F01085C5}
	EndGlobalSection
EndGlobal
